// !$*UTF8*$!
{
	archiveVersion = 1;
	classes = {};
	objectVersion = 56;
	objects = {
		0271BDD3107F0E313C9B0AC7 = { isa = PBXFileReference; lastKnownFileType = sourcecode.swift; path = "ScreenTranslate/Core/APIClient.swift"; sourceTree = SOURCE_ROOT; };
		00FCDA4E0D414372B1ACEE79 = { isa = PBXFileReference; lastKnownFileType = sourcecode.swift; path = "ScreenTranslate/Core/Appearance.swift"; sourceTree = SOURCE_ROOT; };
		54E24A17FB64ACB0BB5A9822 = { isa = PBXFileReference; lastKnownFileType = sourcecode.swift; path = "ScreenTranslate/Core/OCRCurrencyReview.swift"; sourceTree = SOURCE_ROOT; };
		0998D81899347596DBF32B24 = { isa = PBXFileReference; lastKnownFileType = sourcecode.swift; path = "ScreenTranslate/Core/OCRDateReview.swift"; sourceTree = SOURCE_ROOT; };
		D0717668C67102ABAC1638B9 = { isa = PBXFileReference; lastKnownFileType = sourcecode.swift; path = "ScreenTranslate/Core/OCRFieldReview.swift"; sourceTree = SOURCE_ROOT; };
		F1F8435164F47202B88F0762 = { isa = PBXFileReference; lastKnownFileType = sourcecode.swift; path = "ScreenTranslate/Core/OCRLayout.swift"; sourceTree = SOURCE_ROOT; };
		917C954D730D6094D935D183 = { isa = PBXFileReference; lastKnownFileType = sourcecode.swift; path = "ScreenTranslate/Core/OCRRefinementPolicy.swift"; sourceTree = SOURCE_ROOT; };
		CD875134553F3CBC84887AD7 = { isa = PBXFileReference; lastKnownFileType = sourcecode.swift; path = "ScreenTranslate/Core/OCRScriptReview.swift"; sourceTree = SOURCE_ROOT; };
		5C0CDE7A9924E907F89DB994 = { isa = PBXFileReference; lastKnownFileType = sourcecode.swift; path = "ScreenTranslate/Core/OCRTableLayout.swift"; sourceTree = SOURCE_ROOT; };
		EEBB7A6072A612392E049206 = { isa = PBXFileReference; lastKnownFileType = sourcecode.swift; path = "ScreenTranslate/Core/ProfessionalLayout.swift"; sourceTree = SOURCE_ROOT; };
		010F5634FA979975B851C1C5 = { isa = PBXFileReference; lastKnownFileType = sourcecode.swift; path = "ScreenTranslate/Core/ReadingBlock.swift"; sourceTree = SOURCE_ROOT; };
		AFB7650EA565E3CBFB2FCDA8 = { isa = PBXFileReference; lastKnownFileType = sourcecode.swift; path = "ScreenTranslate/Core/TranslationCache.swift"; sourceTree = SOURCE_ROOT; };
		68B238536391B461FC1AC6A9 = { isa = PBXFileReference; lastKnownFileType = sourcecode.swift; path = "ScreenTranslate/Core/TranslationFormatting.swift"; sourceTree = SOURCE_ROOT; };
		65E567D317BBCB730175B66E = { isa = PBXFileReference; lastKnownFileType = sourcecode.swift; path = "ScreenTranslate/Core/TranslationModels.swift"; sourceTree = SOURCE_ROOT; };
		6B3AF93D747FD766778303DE = { isa = PBXFileReference; lastKnownFileType = sourcecode.swift; path = "ScreenTranslate/Core/TranslationPrompts.swift"; sourceTree = SOURCE_ROOT; };
		6A540B5770F3F0EA0E651ECF = { isa = PBXFileReference; lastKnownFileType = sourcecode.swift; path = "ScreenTranslate/Core/VisualReadingLayout.swift"; sourceTree = SOURCE_ROOT; };
		6D541BBB4BDA96E41F424A65 = { isa = PBXFileReference; lastKnownFileType = sourcecode.swift; path = "ScreenTranslate/Intents/TranslationIntents.swift"; sourceTree = SOURCE_ROOT; };
		E52D27410AF0F18C95BE0E23 = { isa = PBXFileReference; lastKnownFileType = sourcecode.swift; path = "ScreenTranslate/Intents/TranslationSnippetView.swift"; sourceTree = SOURCE_ROOT; };
		60E672D5AD441B71113F5D10 = { isa = PBXFileReference; lastKnownFileType = sourcecode.swift; path = "ScreenTranslate/ScreenTranslateApp.swift"; sourceTree = SOURCE_ROOT; };
		2C416E457A498F099904B4DB = { isa = PBXFileReference; lastKnownFileType = sourcecode.swift; path = "ScreenTranslate/Services/DebugFixtures.swift"; sourceTree = SOURCE_ROOT; };
		5D825BECABEBBB3384F8AAF5 = { isa = PBXFileReference; lastKnownFileType = sourcecode.swift; path = "ScreenTranslate/Services/ImagePreparation.swift"; sourceTree = SOURCE_ROOT; };
		3D8868BF9734EA55C91A4A44 = { isa = PBXFileReference; lastKnownFileType = sourcecode.swift; path = "ScreenTranslate/Services/KeychainStore.swift"; sourceTree = SOURCE_ROOT; };
		9BD4877D76E491FD44730B70 = { isa = PBXFileReference; lastKnownFileType = sourcecode.swift; path = "ScreenTranslate/Services/OCRService.swift"; sourceTree = SOURCE_ROOT; };
		E3ECD698C491E19C4D8F72F7 = { isa = PBXFileReference; lastKnownFileType = sourcecode.swift; path = "ScreenTranslate/Services/SettingsStore.swift"; sourceTree = SOURCE_ROOT; };
		2BABCA12567C93620621AA09 = { isa = PBXFileReference; lastKnownFileType = sourcecode.swift; path = "ScreenTranslate/Services/TranslationDocument.swift"; sourceTree = SOURCE_ROOT; };
		34833BBA41AF27A0C25E851E = { isa = PBXFileReference; lastKnownFileType = sourcecode.swift; path = "ScreenTranslate/Services/TranslationPipeline.swift"; sourceTree = SOURCE_ROOT; };
		91C2B4A5047D498BAFF14DBC = { isa = PBXFileReference; lastKnownFileType = sourcecode.swift; path = "ScreenTranslate/Views/AppearanceSettingsView.swift"; sourceTree = SOURCE_ROOT; };
		36ECD849DF6116C018F51D26 = { isa = PBXFileReference; lastKnownFileType = sourcecode.swift; path = "ScreenTranslate/Views/Components.swift"; sourceTree = SOURCE_ROOT; };
		E2C0E253FEB33ED220B2A774 = { isa = PBXFileReference; lastKnownFileType = sourcecode.swift; path = "ScreenTranslate/Views/ModelSelectionView.swift"; sourceTree = SOURCE_ROOT; };
		A0532EF8F185DB4F46828F10 = { isa = PBXFileReference; lastKnownFileType = sourcecode.swift; path = "ScreenTranslate/Views/PromptSettingsView.swift"; sourceTree = SOURCE_ROOT; };
		5DB3F571F0BD7B711798E3E4 = { isa = PBXFileReference; lastKnownFileType = sourcecode.swift; path = "ScreenTranslate/Views/ReaderSettingsView.swift"; sourceTree = SOURCE_ROOT; };
		02A4B57F1408B6473FD09BE7 = { isa = PBXFileReference; lastKnownFileType = sourcecode.swift; path = "ScreenTranslate/Views/SettingsView.swift"; sourceTree = SOURCE_ROOT; };
		62A6CF02EAB764C15A6C39E2 = { isa = PBXFileReference; lastKnownFileType = sourcecode.swift; path = "ScreenTranslate/Views/ShortcutGuideView.swift"; sourceTree = SOURCE_ROOT; };
		01CB5E5E31A9140EC7CF84ED = { isa = PBXFileReference; lastKnownFileType = sourcecode.swift; path = "ScreenTranslate/Views/SystemTranslationView.swift"; sourceTree = SOURCE_ROOT; };
		29A06F4CF4030C2883B97407 = { isa = PBXFileReference; lastKnownFileType = sourcecode.swift; path = "ScreenTranslate/Views/TranslationView.swift"; sourceTree = SOURCE_ROOT; };
		7040154A7CB3ED668568043C = { isa = PBXFileReference; lastKnownFileType = sourcecode.swift; path = "ScreenTranslate/Views/TranslationViewModel.swift"; sourceTree = SOURCE_ROOT; };
		4AC6FD92703D1BB5D4B4DD20 = { isa = PBXFileReference; lastKnownFileType = sourcecode.swift; path = "ScreenTranslate/Views/UsageGuideView.swift"; sourceTree = SOURCE_ROOT; };
		0487CB1BB0999C746356BD69 = { isa = PBXFileReference; lastKnownFileType = sourcecode.swift; path = "Tests/ScreenTranslateCoreTests/CoreTests.swift"; sourceTree = SOURCE_ROOT; };
		D75DEA87D20588BA2B177C1F = { isa = PBXFileReference; lastKnownFileType = sourcecode.swift; path = "Tests/ScreenTranslateCoreTests/JapaneseTests.swift"; sourceTree = SOURCE_ROOT; };
		4A2A7F5CB0C85DFE8BFD6D6D = { isa = PBXFileReference; lastKnownFileType = sourcecode.swift; path = "Tests/ScreenTranslateCoreTests/LayoutAndCacheTests.swift"; sourceTree = SOURCE_ROOT; };
		5934E520292BDEB3F538719B = { isa = PBXFileReference; lastKnownFileType = sourcecode.swift; path = "Tests/ScreenTranslateCoreTests/ModeTests.swift"; sourceTree = SOURCE_ROOT; };
		A6C684455781AE81C9B952FB = { isa = PBXFileReference; lastKnownFileType = sourcecode.swift; path = "Tests/ScreenTranslateCoreTests/PreferencesTests.swift"; sourceTree = SOURCE_ROOT; };
		2EDA3AAF47BFC3CB617A30C2 = { isa = PBXFileReference; lastKnownFileType = sourcecode.swift; path = "Tests/ScreenTranslateCoreTests/ReadabilityTests.swift"; sourceTree = SOURCE_ROOT; };
		78C5BD3D78CCAF4B8CD353AD = { isa = PBXFileReference; lastKnownFileType = sourcecode.swift; path = "Tests/ScreenTranslateCoreTests/ScreenreaderTests.swift"; sourceTree = SOURCE_ROOT; };
		1E9E4524EDCFBB14AB814FD2 = { isa = PBXFileReference; lastKnownFileType = sourcecode.swift; path = "Tests/ScreenTranslateCoreTests/TableLayoutTests.swift"; sourceTree = SOURCE_ROOT; };
		2595E5F2845DB206C5F961CE = { isa = PBXFileReference; lastKnownFileType = sourcecode.swift; path = "Tests/iOSTests/GeneratedFixtureTests.swift"; sourceTree = SOURCE_ROOT; };
		EAC5B05708D54CF13A2E2E92 = { isa = PBXFileReference; lastKnownFileType = sourcecode.swift; path = "Tests/iOSTests/IntegrationTests.swift"; sourceTree = SOURCE_ROOT; };
		CD461F26B1B22F3B60F767F4 = { isa = PBXFileReference; lastKnownFileType = sourcecode.swift; path = "Tests/iOSTests/JapaneseIntegrationTests.swift"; sourceTree = SOURCE_ROOT; };
		69271AFE19BA257B01AB0E77 = { isa = PBXFileReference; lastKnownFileType = sourcecode.swift; path = "Tests/iOSTests/ModeIntegrationTests.swift"; sourceTree = SOURCE_ROOT; };
		9FDB403284A1E2120C3EE20A = { isa = PBXFileReference; lastKnownFileType = sourcecode.swift; path = "Tests/iOSTests/OptimizationIntegrationTests.swift"; sourceTree = SOURCE_ROOT; };
		D23EC1BC46A716CECF4EED83 = { isa = PBXFileReference; lastKnownFileType = sourcecode.swift; path = "Tests/iOSTests/PreferencesIntegrationTests.swift"; sourceTree = SOURCE_ROOT; };
		F0C8D6F9BA1C16C15972330D = { isa = PBXFileReference; lastKnownFileType = sourcecode.swift; path = "Tests/iOSTests/ReadabilityIntegrationTests.swift"; sourceTree = SOURCE_ROOT; };
		58B78CD4E5A136EE5448D5C8 = { isa = PBXFileReference; lastKnownFileType = sourcecode.swift; path = "Tests/iOSTests/ScreenreaderIntegrationTests.swift"; sourceTree = SOURCE_ROOT; };
		BBD39A757E519E945F75A1A2 = { isa = PBXFileReference; lastKnownFileType = sourcecode.swift; path = "Tests/UITests/ScreenTranslateUITests.swift"; sourceTree = SOURCE_ROOT; };
		5000D1947A603A5FB8E44C7F = { isa = PBXFileReference; lastKnownFileType = sourcecode.swift; path = "Tests/UITests/ScreenreaderUXTests.swift"; sourceTree = SOURCE_ROOT; };
		6C7C6D3940165014B9E27C9A = { isa = PBXFileReference; lastKnownFileType = sourcecode.swift; path = "Tests/UITests/ShortcutsSystemTests.swift"; sourceTree = SOURCE_ROOT; };
		1C1B1508A27DB48F1A07A235 = { isa = PBXFileReference; lastKnownFileType = folder.assetcatalog; path = "ScreenTranslate/Assets.xcassets"; sourceTree = SOURCE_ROOT; };
		18B874144AFFBB0BA1FD3D6E = { isa = PBXFileReference; lastKnownFileType = text.xml; path = "ScreenTranslate/PrivacyInfo.xcprivacy"; sourceTree = SOURCE_ROOT; };
		12654283430C11154E71DB62 = { isa = PBXFileReference; lastKnownFileType = file; path = "ScreenTranslate/Resources/屏译全文.shortcut"; sourceTree = SOURCE_ROOT; };
		1C600DE2F9330CFE219D4705 = { isa = PBXFileReference; lastKnownFileType = file; path = "ScreenTranslate/Resources/读屏全文.shortcut"; sourceTree = SOURCE_ROOT; };
		808E47C60F08397CB87A4870 = { isa = PBXFileReference; lastKnownFileType = folder; path = "ScreenTranslate/Resources/en.lproj"; sourceTree = SOURCE_ROOT; };
		47F5EC742F492AE39BF5A6AA = { isa = PBXFileReference; lastKnownFileType = folder; path = "ScreenTranslate/Resources/zh-Hans.lproj"; sourceTree = SOURCE_ROOT; };
		FDA2F6706DFADEF4673CFA11 = { isa = PBXFileReference; lastKnownFileType = file; path = "Tests/Fixtures/menu-screenshot.jpg"; sourceTree = SOURCE_ROOT; };
		8CF74F3BAEC1C8D37F0D38E3 = { isa = PBXFileReference; lastKnownFileType = file; path = "Tests/Fixtures/generated-ja-en-v1/01-menu-ja-en.png"; sourceTree = SOURCE_ROOT; };
		0210DFA15A4AACFC167D26CF = { isa = PBXFileReference; lastKnownFileType = file; path = "Tests/Fixtures/generated-ja-en-v1/02-shopping-ja-en-dark.png"; sourceTree = SOURCE_ROOT; };
		CFC97FD4B976A55B0D9130B1 = { isa = PBXFileReference; lastKnownFileType = file; path = "Tests/Fixtures/generated-ja-en-v1/03-login-ja-en.png"; sourceTree = SOURCE_ROOT; };
		467013DA91A53EC0FA4E8445 = { isa = PBXFileReference; lastKnownFileType = file; path = "Tests/Fixtures/generated-ja-en-v1/04-transit-ja-en.png"; sourceTree = SOURCE_ROOT; };
		690C3F12D7DF78FB6A58956C = { isa = PBXFileReference; lastKnownFileType = file; path = "Tests/Fixtures/generated-ja-en-v1/05-email-en-ja.png"; sourceTree = SOURCE_ROOT; };
		AF2881B7372F21C512059CA4 = { isa = PBXFileReference; lastKnownFileType = file; path = "Tests/Fixtures/generated-ja-en-v1/06-cafe-photo-ja-en.png"; sourceTree = SOURCE_ROOT; };
		FC52AE3B17A6D40441E61F82 = { isa = PBXFileReference; lastKnownFileType = file; path = "Tests/Fixtures/generated-ja-en-v1/07-music-poster-ja-en.png"; sourceTree = SOURCE_ROOT; };
		3FEC844EF05A176ED45A103E = { isa = PBXFileReference; lastKnownFileType = file; path = "Tests/Fixtures/generated-ja-en-v1/08-booking-en-ja.png"; sourceTree = SOURCE_ROOT; };
		106D05E6B762A790101A852B = { isa = PBXFileReference; explicitFileType = wrapper.application; path = "ScreenTranslate.app"; sourceTree = BUILT_PRODUCTS_DIR; };
		440BBAE6D7C8501F4DD4EFBE = { isa = PBXFileReference; explicitFileType = wrapper.cfbundle; path = "ScreenTranslateTests.xctest"; sourceTree = BUILT_PRODUCTS_DIR; };
		BECF1F1E3484BFE39F5A1F3F = { isa = PBXFileReference; explicitFileType = wrapper.cfbundle; path = "ScreenTranslateUITests.xctest"; sourceTree = BUILT_PRODUCTS_DIR; };
		0A3E27B8CA818264D75C8D81 = { isa = PBXGroup; name = Products; children = (106D05E6B762A790101A852B, 440BBAE6D7C8501F4DD4EFBE, BECF1F1E3484BFE39F5A1F3F); sourceTree = "<group>"; };
		0D6E4079E36703EBD37C0072 = { isa = PBXGroup; children = (0271BDD3107F0E313C9B0AC7, 00FCDA4E0D414372B1ACEE79, 54E24A17FB64ACB0BB5A9822, 0998D81899347596DBF32B24, D0717668C67102ABAC1638B9, F1F8435164F47202B88F0762, 917C954D730D6094D935D183, CD875134553F3CBC84887AD7, 5C0CDE7A9924E907F89DB994, EEBB7A6072A612392E049206, 010F5634FA979975B851C1C5, AFB7650EA565E3CBFB2FCDA8, 68B238536391B461FC1AC6A9, 65E567D317BBCB730175B66E, 6B3AF93D747FD766778303DE, 6A540B5770F3F0EA0E651ECF, 6D541BBB4BDA96E41F424A65, E52D27410AF0F18C95BE0E23, 60E672D5AD441B71113F5D10, 2C416E457A498F099904B4DB, 5D825BECABEBBB3384F8AAF5, 3D8868BF9734EA55C91A4A44, 9BD4877D76E491FD44730B70, E3ECD698C491E19C4D8F72F7, 2BABCA12567C93620621AA09, 34833BBA41AF27A0C25E851E, 91C2B4A5047D498BAFF14DBC, 36ECD849DF6116C018F51D26, E2C0E253FEB33ED220B2A774, A0532EF8F185DB4F46828F10, 5DB3F571F0BD7B711798E3E4, 02A4B57F1408B6473FD09BE7, 62A6CF02EAB764C15A6C39E2, 01CB5E5E31A9140EC7CF84ED, 29A06F4CF4030C2883B97407, 7040154A7CB3ED668568043C, 4AC6FD92703D1BB5D4B4DD20, 0487CB1BB0999C746356BD69, D75DEA87D20588BA2B177C1F, 4A2A7F5CB0C85DFE8BFD6D6D, 5934E520292BDEB3F538719B, A6C684455781AE81C9B952FB, 2EDA3AAF47BFC3CB617A30C2, 78C5BD3D78CCAF4B8CD353AD, 1E9E4524EDCFBB14AB814FD2, 2595E5F2845DB206C5F961CE, EAC5B05708D54CF13A2E2E92, CD461F26B1B22F3B60F767F4, 69271AFE19BA257B01AB0E77, 9FDB403284A1E2120C3EE20A, D23EC1BC46A716CECF4EED83, F0C8D6F9BA1C16C15972330D, 58B78CD4E5A136EE5448D5C8, BBD39A757E519E945F75A1A2, 5000D1947A603A5FB8E44C7F, 6C7C6D3940165014B9E27C9A, 1C1B1508A27DB48F1A07A235, 18B874144AFFBB0BA1FD3D6E, 12654283430C11154E71DB62, 1C600DE2F9330CFE219D4705, 808E47C60F08397CB87A4870, 47F5EC742F492AE39BF5A6AA, FDA2F6706DFADEF4673CFA11, 8CF74F3BAEC1C8D37F0D38E3, 0210DFA15A4AACFC167D26CF, CFC97FD4B976A55B0D9130B1, 467013DA91A53EC0FA4E8445, 690C3F12D7DF78FB6A58956C, AF2881B7372F21C512059CA4, FC52AE3B17A6D40441E61F82, 3FEC844EF05A176ED45A103E, 0A3E27B8CA818264D75C8D81); sourceTree = "<group>"; };
		C624B4C5FD1F7EE00706BBF3 = { isa = PBXBuildFile; fileRef = 0271BDD3107F0E313C9B0AC7; };
		788CBA7728D7B91E74DD82CE = { isa = PBXBuildFile; fileRef = 00FCDA4E0D414372B1ACEE79; };
		9B81251D95C4CAC7786AB053 = { isa = PBXBuildFile; fileRef = 54E24A17FB64ACB0BB5A9822; };
		00B11760779570BD67C0AEFB = { isa = PBXBuildFile; fileRef = 0998D81899347596DBF32B24; };
		FF7B5D5A29716DCDFAAEBC18 = { isa = PBXBuildFile; fileRef = D0717668C67102ABAC1638B9; };
		ABF02C2FCCC55C3323671C56 = { isa = PBXBuildFile; fileRef = F1F8435164F47202B88F0762; };
		1013100EB9A761E9285559FF = { isa = PBXBuildFile; fileRef = 917C954D730D6094D935D183; };
		23EF4E04C5744E9613D3C83B = { isa = PBXBuildFile; fileRef = CD875134553F3CBC84887AD7; };
		14ADAED9012A8379FCA0BC46 = { isa = PBXBuildFile; fileRef = 5C0CDE7A9924E907F89DB994; };
		34D30BF80878B67684EA46A4 = { isa = PBXBuildFile; fileRef = EEBB7A6072A612392E049206; };
		A371F6916FFEBF2318B3E128 = { isa = PBXBuildFile; fileRef = 010F5634FA979975B851C1C5; };
		F1D2195459DA2D8CDFD3B56B = { isa = PBXBuildFile; fileRef = AFB7650EA565E3CBFB2FCDA8; };
		C6DB4EF479EDF3879FB27721 = { isa = PBXBuildFile; fileRef = 68B238536391B461FC1AC6A9; };
		D826821B62355C9FCEC2D252 = { isa = PBXBuildFile; fileRef = 65E567D317BBCB730175B66E; };
		77A218DAA30E92A5082474AC = { isa = PBXBuildFile; fileRef = 6B3AF93D747FD766778303DE; };
		5DD6C6AFDDFD3FC50EC0D631 = { isa = PBXBuildFile; fileRef = 6A540B5770F3F0EA0E651ECF; };
		DBF39B994BD2B03AE959D8BF = { isa = PBXBuildFile; fileRef = 6D541BBB4BDA96E41F424A65; };
		5FFDB3FF876500CF878975BF = { isa = PBXBuildFile; fileRef = E52D27410AF0F18C95BE0E23; };
		1D6FC12FD55D3C09E55A2A99 = { isa = PBXBuildFile; fileRef = 60E672D5AD441B71113F5D10; };
		F0C76D51B9B48DE82A7DFB2F = { isa = PBXBuildFile; fileRef = 2C416E457A498F099904B4DB; };
		625E9A48F13AB0CEB5466E94 = { isa = PBXBuildFile; fileRef = 5D825BECABEBBB3384F8AAF5; };
		42B1BF3BB3A6364A2458266E = { isa = PBXBuildFile; fileRef = 3D8868BF9734EA55C91A4A44; };
		EEFFDB3658072355C70EB0BF = { isa = PBXBuildFile; fileRef = 9BD4877D76E491FD44730B70; };
		7031D9B446B7F5569806D49B = { isa = PBXBuildFile; fileRef = E3ECD698C491E19C4D8F72F7; };
		18C4D271BF2AD147415E23F6 = { isa = PBXBuildFile; fileRef = 2BABCA12567C93620621AA09; };
		E4DC506D676F01AA5F7593AE = { isa = PBXBuildFile; fileRef = 34833BBA41AF27A0C25E851E; };
		B5CA105FE5BD8BDF4DD02127 = { isa = PBXBuildFile; fileRef = 91C2B4A5047D498BAFF14DBC; };
		CD28C3E5715D1DC7CE237AE1 = { isa = PBXBuildFile; fileRef = 36ECD849DF6116C018F51D26; };
		1E9F97A6795485D9C3D65F4A = { isa = PBXBuildFile; fileRef = E2C0E253FEB33ED220B2A774; };
		49CB2AE9C7839B1A9BD22CEC = { isa = PBXBuildFile; fileRef = A0532EF8F185DB4F46828F10; };
		70F95F7F72D772C7B8285434 = { isa = PBXBuildFile; fileRef = 5DB3F571F0BD7B711798E3E4; };
		EEEABD4942AC5E41B4E07B16 = { isa = PBXBuildFile; fileRef = 02A4B57F1408B6473FD09BE7; };
		1DC781AF014935779D9ADC92 = { isa = PBXBuildFile; fileRef = 62A6CF02EAB764C15A6C39E2; };
		23B665FAD77D065D1B2513AB = { isa = PBXBuildFile; fileRef = 01CB5E5E31A9140EC7CF84ED; };
		FB118476F9153C4839BFD8F2 = { isa = PBXBuildFile; fileRef = 29A06F4CF4030C2883B97407; };
		A761991F764E5731DF88A64D = { isa = PBXBuildFile; fileRef = 7040154A7CB3ED668568043C; };
		FDB7D882CA65C3B3C7AB52BA = { isa = PBXBuildFile; fileRef = 4AC6FD92703D1BB5D4B4DD20; };
		BA00460A1F811A309CDC16E1 = { isa = PBXSourcesBuildPhase; buildActionMask = 2147483647; files = (C624B4C5FD1F7EE00706BBF3, 788CBA7728D7B91E74DD82CE, 9B81251D95C4CAC7786AB053, 00B11760779570BD67C0AEFB, FF7B5D5A29716DCDFAAEBC18, ABF02C2FCCC55C3323671C56, 1013100EB9A761E9285559FF, 23EF4E04C5744E9613D3C83B, 14ADAED9012A8379FCA0BC46, 34D30BF80878B67684EA46A4, A371F6916FFEBF2318B3E128, F1D2195459DA2D8CDFD3B56B, C6DB4EF479EDF3879FB27721, D826821B62355C9FCEC2D252, 77A218DAA30E92A5082474AC, 5DD6C6AFDDFD3FC50EC0D631, DBF39B994BD2B03AE959D8BF, 5FFDB3FF876500CF878975BF, 1D6FC12FD55D3C09E55A2A99, F0C76D51B9B48DE82A7DFB2F, 625E9A48F13AB0CEB5466E94, 42B1BF3BB3A6364A2458266E, EEFFDB3658072355C70EB0BF, 7031D9B446B7F5569806D49B, 18C4D271BF2AD147415E23F6, E4DC506D676F01AA5F7593AE, B5CA105FE5BD8BDF4DD02127, CD28C3E5715D1DC7CE237AE1, 1E9F97A6795485D9C3D65F4A, 49CB2AE9C7839B1A9BD22CEC, 70F95F7F72D772C7B8285434, EEEABD4942AC5E41B4E07B16, 1DC781AF014935779D9ADC92, 23B665FAD77D065D1B2513AB, FB118476F9153C4839BFD8F2, A761991F764E5731DF88A64D, FDB7D882CA65C3B3C7AB52BA); runOnlyForDeploymentPostprocessing = 0; };
		6D2B03E2BD3A2017EC2A69BD = { isa = PBXFrameworksBuildPhase; buildActionMask = 2147483647; files = (); runOnlyForDeploymentPostprocessing = 0; };
		DC0CCE96758FAFB32C44DB9A = { isa = PBXBuildFile; fileRef = 1C1B1508A27DB48F1A07A235; };
		94012EE532AD37C6FD9A6A9E = { isa = PBXBuildFile; fileRef = 18B874144AFFBB0BA1FD3D6E; };
		7D296563509AD9C42A531AD0 = { isa = PBXBuildFile; fileRef = 12654283430C11154E71DB62; };
		D8F898FAE198FB970A202F99 = { isa = PBXBuildFile; fileRef = 1C600DE2F9330CFE219D4705; };
		7176CBB731B9A0FD74733F58 = { isa = PBXBuildFile; fileRef = 808E47C60F08397CB87A4870; };
		F6BD3273412898D5C3F44C34 = { isa = PBXBuildFile; fileRef = 47F5EC742F492AE39BF5A6AA; };
		5B7FBF5F1ED627271B5854CE = { isa = PBXResourcesBuildPhase; buildActionMask = 2147483647; files = (DC0CCE96758FAFB32C44DB9A, 94012EE532AD37C6FD9A6A9E, 7D296563509AD9C42A531AD0, D8F898FAE198FB970A202F99, 7176CBB731B9A0FD74733F58, F6BD3273412898D5C3F44C34); runOnlyForDeploymentPostprocessing = 0; };
		6066239577F925460ADBC6A4 = { isa = XCBuildConfiguration; buildSettings = { PRODUCT_NAME = "$(TARGET_NAME)"; PRODUCT_BUNDLE_IDENTIFIER = "com.raydon.ScreenTranslate"; SWIFT_VERSION = "5.0"; IPHONEOS_DEPLOYMENT_TARGET = "18.0"; SDKROOT = "iphoneos"; SUPPORTED_PLATFORMS = "iphoneos iphonesimulator"; TARGETED_DEVICE_FAMILY = "1"; CODE_SIGN_STYLE = "Automatic"; GENERATE_INFOPLIST_FILE = "NO"; SWIFT_EMIT_LOC_STRINGS = "YES"; ENABLE_PREVIEWS = "YES"; SWIFT_STRICT_CONCURRENCY = "complete"; INFOPLIST_FILE = "ScreenTranslate/Info.plist"; ASSETCATALOG_COMPILER_APPICON_NAME = "AppIcon"; ASSETCATALOG_COMPILER_GLOBAL_ACCENT_COLOR_NAME = "AccentColor"; MARKETING_VERSION = "1.0.0"; CURRENT_PROJECT_VERSION = "17"; LD_RUNPATH_SEARCH_PATHS = "$(inherited) @executable_path/Frameworks"; SWIFT_OPTIMIZATION_LEVEL = "-Onone"; SWIFT_ACTIVE_COMPILATION_CONDITIONS = "DEBUG $(inherited)"; ENABLE_TESTABILITY = "YES"; }; name = Debug; };
		A9064D806231DAD24C66A78F = { isa = XCBuildConfiguration; buildSettings = { PRODUCT_NAME = "$(TARGET_NAME)"; PRODUCT_BUNDLE_IDENTIFIER = "com.raydon.ScreenTranslate"; SWIFT_VERSION = "5.0"; IPHONEOS_DEPLOYMENT_TARGET = "18.0"; SDKROOT = "iphoneos"; SUPPORTED_PLATFORMS = "iphoneos iphonesimulator"; TARGETED_DEVICE_FAMILY = "1"; CODE_SIGN_STYLE = "Automatic"; GENERATE_INFOPLIST_FILE = "NO"; SWIFT_EMIT_LOC_STRINGS = "YES"; ENABLE_PREVIEWS = "YES"; SWIFT_STRICT_CONCURRENCY = "complete"; INFOPLIST_FILE = "ScreenTranslate/Info.plist"; ASSETCATALOG_COMPILER_APPICON_NAME = "AppIcon"; ASSETCATALOG_COMPILER_GLOBAL_ACCENT_COLOR_NAME = "AccentColor"; MARKETING_VERSION = "1.0.0"; CURRENT_PROJECT_VERSION = "17"; LD_RUNPATH_SEARCH_PATHS = "$(inherited) @executable_path/Frameworks"; }; name = Release; };
		926DF3A825E2CC99C8047DF7 = { isa = XCConfigurationList; buildConfigurations = (6066239577F925460ADBC6A4, A9064D806231DAD24C66A78F); defaultConfigurationIsVisible = 0; defaultConfigurationName = Release; };
		63605A65BB984B6686981560 = { isa = PBXNativeTarget; buildConfigurationList = 926DF3A825E2CC99C8047DF7; buildPhases = (BA00460A1F811A309CDC16E1, 6D2B03E2BD3A2017EC2A69BD, 5B7FBF5F1ED627271B5854CE); buildRules = (); dependencies = (); name = ScreenTranslate; productName = ScreenTranslate; productReference = 106D05E6B762A790101A852B; productType = "com.apple.product-type.application"; };
		7EEFF7469170845BCCC80753 = { isa = PBXBuildFile; fileRef = 0487CB1BB0999C746356BD69; };
		DB4BFD52208C2FA3D14BB65D = { isa = PBXBuildFile; fileRef = D75DEA87D20588BA2B177C1F; };
		C1115F7B9F0C8DE8CC5D5C4A = { isa = PBXBuildFile; fileRef = 4A2A7F5CB0C85DFE8BFD6D6D; };
		510C0BF50E21B36B8174E339 = { isa = PBXBuildFile; fileRef = 5934E520292BDEB3F538719B; };
		98905B7D3523267BBADB3722 = { isa = PBXBuildFile; fileRef = A6C684455781AE81C9B952FB; };
		76CD751502A57459083EEECE = { isa = PBXBuildFile; fileRef = 2EDA3AAF47BFC3CB617A30C2; };
		3078C75104A00A33A70C593E = { isa = PBXBuildFile; fileRef = 78C5BD3D78CCAF4B8CD353AD; };
		EB7F54777BE160E246C0A9D5 = { isa = PBXBuildFile; fileRef = 1E9E4524EDCFBB14AB814FD2; };
		C4C96500371D271D41A4D8F3 = { isa = PBXBuildFile; fileRef = 2595E5F2845DB206C5F961CE; };
		B16ED3A8172EE3833215603F = { isa = PBXBuildFile; fileRef = EAC5B05708D54CF13A2E2E92; };
		5CD428B9C02373E5A918411C = { isa = PBXBuildFile; fileRef = CD461F26B1B22F3B60F767F4; };
		BB8975CAA07B35C20D1190A7 = { isa = PBXBuildFile; fileRef = 69271AFE19BA257B01AB0E77; };
		7F263F0CBB3E0ECCCB4B2A0C = { isa = PBXBuildFile; fileRef = 9FDB403284A1E2120C3EE20A; };
		C5496C6960FCBF703DCF73FD = { isa = PBXBuildFile; fileRef = D23EC1BC46A716CECF4EED83; };
		37DF5517BA822A4837CAB089 = { isa = PBXBuildFile; fileRef = F0C8D6F9BA1C16C15972330D; };
		CFFF3B8D546037FCB79A0AF4 = { isa = PBXBuildFile; fileRef = 58B78CD4E5A136EE5448D5C8; };
		B4795FF46FC6E60BE8A70F45 = { isa = PBXSourcesBuildPhase; buildActionMask = 2147483647; files = (7EEFF7469170845BCCC80753, DB4BFD52208C2FA3D14BB65D, C1115F7B9F0C8DE8CC5D5C4A, 510C0BF50E21B36B8174E339, 98905B7D3523267BBADB3722, 76CD751502A57459083EEECE, 3078C75104A00A33A70C593E, EB7F54777BE160E246C0A9D5, C4C96500371D271D41A4D8F3, B16ED3A8172EE3833215603F, 5CD428B9C02373E5A918411C, BB8975CAA07B35C20D1190A7, 7F263F0CBB3E0ECCCB4B2A0C, C5496C6960FCBF703DCF73FD, 37DF5517BA822A4837CAB089, CFFF3B8D546037FCB79A0AF4); runOnlyForDeploymentPostprocessing = 0; };
		21D8DB56CAE6161031322F3D = { isa = PBXFrameworksBuildPhase; buildActionMask = 2147483647; files = (); runOnlyForDeploymentPostprocessing = 0; };
		403BEE40FCDFBC374A98100B = { isa = PBXBuildFile; fileRef = FDA2F6706DFADEF4673CFA11; };
		EC1D930EE177DB792B3581BE = { isa = PBXBuildFile; fileRef = 8CF74F3BAEC1C8D37F0D38E3; };
		32FAEB2173267F2CEB32A23B = { isa = PBXBuildFile; fileRef = 0210DFA15A4AACFC167D26CF; };
		AE4FE02F5C91D508B54F9885 = { isa = PBXBuildFile; fileRef = CFC97FD4B976A55B0D9130B1; };
		39393BE41D714C5FB9858B42 = { isa = PBXBuildFile; fileRef = 467013DA91A53EC0FA4E8445; };
		D81A34342A601A8E2FD556C6 = { isa = PBXBuildFile; fileRef = 690C3F12D7DF78FB6A58956C; };
		7900ED4CDA184DBFE6BAAF35 = { isa = PBXBuildFile; fileRef = AF2881B7372F21C512059CA4; };
		43E2B311F7FCD25DCCFDB3A6 = { isa = PBXBuildFile; fileRef = FC52AE3B17A6D40441E61F82; };
		9A3FEFAB8BBF875BC05099BC = { isa = PBXBuildFile; fileRef = 3FEC844EF05A176ED45A103E; };
		26E617F646EB0794A5F5EC75 = { isa = PBXResourcesBuildPhase; buildActionMask = 2147483647; files = (403BEE40FCDFBC374A98100B, EC1D930EE177DB792B3581BE, 32FAEB2173267F2CEB32A23B, AE4FE02F5C91D508B54F9885, 39393BE41D714C5FB9858B42, D81A34342A601A8E2FD556C6, 7900ED4CDA184DBFE6BAAF35, 43E2B311F7FCD25DCCFDB3A6, 9A3FEFAB8BBF875BC05099BC); runOnlyForDeploymentPostprocessing = 0; };
		1645427B92A2ED21B062134C = { isa = PBXContainerItemProxy; containerPortal = 244210E48437B6556980A702; proxyType = 1; remoteGlobalIDString = 63605A65BB984B6686981560; remoteInfo = ScreenTranslate; };
		2DFB8F2337A52C3EFD2900E8 = { isa = PBXTargetDependency; target = 63605A65BB984B6686981560; targetProxy = 1645427B92A2ED21B062134C; };
		964D5F3ACE5A8BDD56121DA4 = { isa = XCBuildConfiguration; buildSettings = { PRODUCT_NAME = "$(TARGET_NAME)"; PRODUCT_BUNDLE_IDENTIFIER = "com.raydon.ScreenTranslateTests"; SWIFT_VERSION = "5.0"; IPHONEOS_DEPLOYMENT_TARGET = "18.0"; SDKROOT = "iphoneos"; SUPPORTED_PLATFORMS = "iphoneos iphonesimulator"; TARGETED_DEVICE_FAMILY = "1"; CODE_SIGN_STYLE = "Automatic"; GENERATE_INFOPLIST_FILE = "YES"; SWIFT_EMIT_LOC_STRINGS = "YES"; ENABLE_PREVIEWS = "YES"; SWIFT_STRICT_CONCURRENCY = "complete"; TEST_HOST = "$(BUILT_PRODUCTS_DIR)/ScreenTranslate.app/$(BUNDLE_EXECUTABLE_FOLDER_PATH)/ScreenTranslate"; BUNDLE_LOADER = "$(TEST_HOST)"; LD_RUNPATH_SEARCH_PATHS = "$(inherited) @executable_path/Frameworks @loader_path/Frameworks"; SWIFT_OPTIMIZATION_LEVEL = "-Onone"; SWIFT_ACTIVE_COMPILATION_CONDITIONS = "DEBUG $(inherited)"; ENABLE_TESTABILITY = "YES"; }; name = Debug; };
		52AE9D9B52A4986E5BD91DCB = { isa = XCBuildConfiguration; buildSettings = { PRODUCT_NAME = "$(TARGET_NAME)"; PRODUCT_BUNDLE_IDENTIFIER = "com.raydon.ScreenTranslateTests"; SWIFT_VERSION = "5.0"; IPHONEOS_DEPLOYMENT_TARGET = "18.0"; SDKROOT = "iphoneos"; SUPPORTED_PLATFORMS = "iphoneos iphonesimulator"; TARGETED_DEVICE_FAMILY = "1"; CODE_SIGN_STYLE = "Automatic"; GENERATE_INFOPLIST_FILE = "YES"; SWIFT_EMIT_LOC_STRINGS = "YES"; ENABLE_PREVIEWS = "YES"; SWIFT_STRICT_CONCURRENCY = "complete"; TEST_HOST = "$(BUILT_PRODUCTS_DIR)/ScreenTranslate.app/$(BUNDLE_EXECUTABLE_FOLDER_PATH)/ScreenTranslate"; BUNDLE_LOADER = "$(TEST_HOST)"; LD_RUNPATH_SEARCH_PATHS = "$(inherited) @executable_path/Frameworks @loader_path/Frameworks"; }; name = Release; };
		701C37C3B057CB7FFE4CFBA4 = { isa = XCConfigurationList; buildConfigurations = (964D5F3ACE5A8BDD56121DA4, 52AE9D9B52A4986E5BD91DCB); defaultConfigurationIsVisible = 0; defaultConfigurationName = Release; };
		1450039458071E72A3A63E17 = { isa = PBXNativeTarget; buildConfigurationList = 701C37C3B057CB7FFE4CFBA4; buildPhases = (B4795FF46FC6E60BE8A70F45, 21D8DB56CAE6161031322F3D, 26E617F646EB0794A5F5EC75); buildRules = (); dependencies = (2DFB8F2337A52C3EFD2900E8); name = ScreenTranslateTests; productName = ScreenTranslateTests; productReference = 440BBAE6D7C8501F4DD4EFBE; productType = "com.apple.product-type.bundle.unit-test"; };
		8F697FCD3D1F370C4708B03D = { isa = PBXBuildFile; fileRef = BBD39A757E519E945F75A1A2; };
		ECD8E5B78094198B3B31C70D = { isa = PBXBuildFile; fileRef = 5000D1947A603A5FB8E44C7F; };
		F78E12CF3C25B78C42AC026A = { isa = PBXBuildFile; fileRef = 6C7C6D3940165014B9E27C9A; };
		2A9069090E309E2CE343DC0A = { isa = PBXSourcesBuildPhase; buildActionMask = 2147483647; files = (8F697FCD3D1F370C4708B03D, ECD8E5B78094198B3B31C70D, F78E12CF3C25B78C42AC026A); runOnlyForDeploymentPostprocessing = 0; };
		C25CDC6E02312C5D073ED846 = { isa = PBXFrameworksBuildPhase; buildActionMask = 2147483647; files = (); runOnlyForDeploymentPostprocessing = 0; };
		7CD56289FF792953B43DB136 = { isa = PBXResourcesBuildPhase; buildActionMask = 2147483647; files = (); runOnlyForDeploymentPostprocessing = 0; };
		19C0E7ABBC581492FDC835C4 = { isa = PBXContainerItemProxy; containerPortal = 244210E48437B6556980A702; proxyType = 1; remoteGlobalIDString = 63605A65BB984B6686981560; remoteInfo = ScreenTranslate; };
		D9C32EEDF50FBE7096F3415F = { isa = PBXTargetDependency; target = 63605A65BB984B6686981560; targetProxy = 19C0E7ABBC581492FDC835C4; };
		301C53241818D5BB5C57DAC8 = { isa = XCBuildConfiguration; buildSettings = { PRODUCT_NAME = "$(TARGET_NAME)"; PRODUCT_BUNDLE_IDENTIFIER = "com.raydon.ScreenTranslateUITests"; SWIFT_VERSION = "5.0"; IPHONEOS_DEPLOYMENT_TARGET = "18.0"; SDKROOT = "iphoneos"; SUPPORTED_PLATFORMS = "iphoneos iphonesimulator"; TARGETED_DEVICE_FAMILY = "1"; CODE_SIGN_STYLE = "Automatic"; GENERATE_INFOPLIST_FILE = "YES"; SWIFT_EMIT_LOC_STRINGS = "YES"; ENABLE_PREVIEWS = "YES"; SWIFT_STRICT_CONCURRENCY = "complete"; TEST_TARGET_NAME = "ScreenTranslate"; SWIFT_OPTIMIZATION_LEVEL = "-Onone"; SWIFT_ACTIVE_COMPILATION_CONDITIONS = "DEBUG $(inherited)"; ENABLE_TESTABILITY = "YES"; }; name = Debug; };
		A5694AAFEAA27DD633803B32 = { isa = XCBuildConfiguration; buildSettings = { PRODUCT_NAME = "$(TARGET_NAME)"; PRODUCT_BUNDLE_IDENTIFIER = "com.raydon.ScreenTranslateUITests"; SWIFT_VERSION = "5.0"; IPHONEOS_DEPLOYMENT_TARGET = "18.0"; SDKROOT = "iphoneos"; SUPPORTED_PLATFORMS = "iphoneos iphonesimulator"; TARGETED_DEVICE_FAMILY = "1"; CODE_SIGN_STYLE = "Automatic"; GENERATE_INFOPLIST_FILE = "YES"; SWIFT_EMIT_LOC_STRINGS = "YES"; ENABLE_PREVIEWS = "YES"; SWIFT_STRICT_CONCURRENCY = "complete"; TEST_TARGET_NAME = "ScreenTranslate"; }; name = Release; };
		BD68F76693998D30714A07E8 = { isa = XCConfigurationList; buildConfigurations = (301C53241818D5BB5C57DAC8, A5694AAFEAA27DD633803B32); defaultConfigurationIsVisible = 0; defaultConfigurationName = Release; };
		9F67CCCA92577DCF7CB1C06F = { isa = PBXNativeTarget; buildConfigurationList = BD68F76693998D30714A07E8; buildPhases = (2A9069090E309E2CE343DC0A, C25CDC6E02312C5D073ED846, 7CD56289FF792953B43DB136); buildRules = (); dependencies = (D9C32EEDF50FBE7096F3415F); name = ScreenTranslateUITests; productName = ScreenTranslateUITests; productReference = BECF1F1E3484BFE39F5A1F3F; productType = "com.apple.product-type.bundle.ui-testing"; };
		3CCE7051BAA1B8E65CDEECD3 = { isa = XCBuildConfiguration; buildSettings = { CLANG_ENABLE_MODULES = "YES"; CLANG_ENABLE_OBJC_ARC = "YES"; GCC_C_LANGUAGE_STANDARD = "gnu17"; DEBUG_INFORMATION_FORMAT = "dwarf"; SWIFT_COMPILATION_MODE = "singlefile"; SWIFT_OPTIMIZATION_LEVEL = "-Onone"; }; name = Debug; };
		EB9B6A82A6FECD10C0E43155 = { isa = XCBuildConfiguration; buildSettings = { CLANG_ENABLE_MODULES = "YES"; CLANG_ENABLE_OBJC_ARC = "YES"; GCC_C_LANGUAGE_STANDARD = "gnu17"; DEBUG_INFORMATION_FORMAT = "dwarf-with-dsym"; SWIFT_COMPILATION_MODE = "wholemodule"; SWIFT_OPTIMIZATION_LEVEL = "-O"; }; name = Release; };
		76F8DEC3DFE0BDB465198890 = { isa = XCConfigurationList; buildConfigurations = (3CCE7051BAA1B8E65CDEECD3, EB9B6A82A6FECD10C0E43155); defaultConfigurationIsVisible = 0; defaultConfigurationName = Release; };
		244210E48437B6556980A702 = { isa = PBXProject; attributes = { BuildIndependentTargetsInParallel = YES; LastUpgradeCheck = 1620; }; buildConfigurationList = 76F8DEC3DFE0BDB465198890; compatibilityVersion = "Xcode 14.0"; developmentRegion = en; hasScannedForEncodings = 0; knownRegions = ("zh-Hans", en, Base); mainGroup = 0D6E4079E36703EBD37C0072; productRefGroup = 0A3E27B8CA818264D75C8D81; projectDirPath = ""; projectRoot = ""; targets = (63605A65BB984B6686981560, 1450039458071E72A3A63E17, 9F67CCCA92577DCF7CB1C06F); };
	};
	rootObject = 244210E48437B6556980A702;
}
